
Microsoft Visual Studio Solution File, Format Version 12.00
# Visual Studio Version 16
VisualStudioVersion = 16.0.31515.178
MinimumVisualStudioVersion = 10.0.40219.1
Project("{FAE04EC0-301F-11D3-BF4B-00C04F79EFBC}") = "CSGOGlowDemo", "CSGOGlowDemo.csproj", "{1C463323-061D-45CA-A294-9F6820C02EB4}"
EndProject
Global
	GlobalSection(SolutionConfigurationPlatforms) = preSolution
		Debug|Any CPU = Debug|Any CPU
		Release|Any CPU = Release|Any CPU
	EndGlobalSection
	GlobalSection(ProjectConfigurationPlatforms) = postSolution
		{1C463323-061D-45CA-A294-9F6820C02EB4}.Debug|Any CPU.ActiveCfg = Debug|Any CPU
		{1C463323-061D-45CA-A294-9F6820C02EB4}.Debug|Any CPU.Build.0 = Debug|Any CPU
		{1C463323-061D-45CA-A294-9F6820C02EB4}.Release|Any CPU.ActiveCfg = Release|Any CPU
		{1C463323-061D-45CA-A294-9F6820C02EB4}.Release|Any CPU.Build.0 = Release|Any CPU
	EndGlobalSection
	GlobalSection(SolutionProperties) = preSolution
		HideSolutionNode = FALSE
	EndGlobalSection
	GlobalSection(ExtensibilityGlobals) = postSolution
		SolutionGuid = {8A9B3C2F-1870-4FAC-AA74-438E97F0C7D9}
	EndGlobalSection
EndGlobal
